
Microsoft Visual Studio Solution File, Format Version 12.00
# Visual Studio Version 17
VisualStudioVersion = 17.0.32112.339
MinimumVisualStudioVersion = 10.0.40219.1
Project("{FAE04EC0-301F-11D3-BF4B-00C04F79EFBC}") = "MyWebApi", "MyWebApi\MyWebApi.csproj", "{47944B51-9F21-45E0-8B2E-C4C4933761DE}"
EndProject
Global
	GlobalSection(SolutionConfigurationPlatforms) = preSolution
		Debug|Any CPU = Debug|Any CPU
		Release|Any CPU = Release|Any CPU
	EndGlobalSection
	GlobalSection(ProjectConfigurationPlatforms) = postSolution
		{47944B51-9F21-45E0-8B2E-C4C4933761DE}.Debug|Any CPU.ActiveCfg = Debug|Any CPU
		{47944B51-9F21-45E0-8B2E-C4C4933761DE}.Debug|Any CPU.Build.0 = Debug|Any CPU
		{47944B51-9F21-45E0-8B2E-C4C4933761DE}.Release|Any CPU.ActiveCfg = Release|Any CPU
		{47944B51-9F21-45E0-8B2E-C4C4933761DE}.Release|Any CPU.Build.0 = Release|Any CPU
	EndGlobalSection
	GlobalSection(SolutionProperties) = preSolution
		HideSolutionNode = FALSE
	EndGlobalSection
	GlobalSection(ExtensibilityGlobals) = postSolution
		SolutionGuid = {53DAE15E-F09F-43DD-8C2E-3DEFEE2A345C}
	EndGlobalSection
EndGlobal
